# THIS IS AN AUTOGENERATED FILE. DO NOT EDIT THIS FILE DIRECTLY.
# yarn lockfile v1


js2xmlparser@^4.0.0:
  version "4.0.0"
  resolved "https://registry.yarnpkg.com/js2xmlparser/-/js2xmlparser-4.0.0.tgz#ae14cc711b2892083eed6e219fbc993d858bc3a5"
  integrity sha512-WuNgdZOXVmBk5kUPMcTcVUpbGRzLfNkv7+7APq7WiDihpXVKrgxo6wwRpRl9OQeEBgKCVk9mR7RbzrnNWC8oBw==
  dependencies:
    xmlcreate "^2.0.0"

xmlcreate@^2.0.0:
  version "2.0.1"
  resolved "https://registry.yarnpkg.com/xmlcreate/-/xmlcreate-2.0.1.tgz#2ec38bd7b708d213fd1a90e2431c4af9c09f6a52"
  integrity sha512-MjGsXhKG8YjTKrDCXseFo3ClbMGvUD4en29H2Cev1dv4P/chlpw6KdYmlCWDkhosBVKRDjM836+3e3pm1cBNJA==
